
Microsoft Visual Studio Solution File, Format Version 12.00
# Visual Studio 15
VisualStudioVersion = 15.0.26730.15
MinimumVisualStudioVersion = 10.0.40219.1
Project("{FAE04EC0-301F-11D3-BF4B-00C04F79EFBC}") = "CoreMLLabApp.Android", "CoreMLLabApp\CoreMLLabApp.Android\CoreMLLabApp.Android.csproj", "{67DE678C-AC1E-414C-8AE3-0A6C19B52368}"
EndProject
Project("{FAE04EC0-301F-11D3-BF4B-00C04F79EFBC}") = "CoreMLLabApp", "CoreMLLabApp\CoreMLLabApp\CoreMLLabApp.csproj", "{3FC8B8FC-20C4-4032-A4AF-F4AE45A0C089}"
EndProject
Project("{FAE04EC0-301F-11D3-BF4B-00C04F79EFBC}") = "CoreMLLabApp.UWP", "CoreMLLabApp\CoreMLLabApp.UWP\CoreMLLabApp.UWP.csproj", "{42AAB869-D412-46EB-983E-711A2120EBB0}"
EndProject
Project("{FAE04EC0-301F-11D3-BF4B-00C04F79EFBC}") = "CoreMLLabApp.iOS", "CoreMLLabApp\CoreMLLabApp.iOS\CoreMLLabApp.iOS.csproj", "{2DAB891D-32A8-4E77-8EBB-09C3D94E5944}"
EndProject
Global
	GlobalSection(SolutionConfigurationPlatforms) = preSolution
		Ad-Hoc|Any CPU = Ad-Hoc|Any CPU
		Ad-Hoc|ARM = Ad-Hoc|ARM
		Ad-Hoc|iPhone = Ad-Hoc|iPhone
		Ad-Hoc|iPhoneSimulator = Ad-Hoc|iPhoneSimulator
		Ad-Hoc|x64 = Ad-Hoc|x64
		Ad-Hoc|x86 = Ad-Hoc|x86
		AppStore|Any CPU = AppStore|Any CPU
		AppStore|ARM = AppStore|ARM
		AppStore|iPhone = AppStore|iPhone
		AppStore|iPhoneSimulator = AppStore|iPhoneSimulator
		AppStore|x64 = AppStore|x64
		AppStore|x86 = AppStore|x86
		Debug|Any CPU = Debug|Any CPU
		Debug|ARM = Debug|ARM
		Debug|iPhone = Debug|iPhone
		Debug|iPhoneSimulator = Debug|iPhoneSimulator
		Debug|x64 = Debug|x64
		Debug|x86 = Debug|x86
		Release|Any CPU = Release|Any CPU
		Release|ARM = Release|ARM
		Release|iPhone = Release|iPhone
		Release|iPhoneSimulator = Release|iPhoneSimulator
		Release|x64 = Release|x64
		Release|x86 = Release|x86
	EndGlobalSection
	GlobalSection(ProjectConfigurationPlatforms) = postSolution
		{67DE678C-AC1E-414C-8AE3-0A6C19B52368}.Ad-Hoc|Any CPU.ActiveCfg = Release|Any CPU
		{67DE678C-AC1E-414C-8AE3-0A6C19B52368}.Ad-Hoc|Any CPU.Build.0 = Release|Any CPU
		{67DE678C-AC1E-414C-8AE3-0A6C19B52368}.Ad-Hoc|Any CPU.Deploy.0 = Release|Any CPU
		{67DE678C-AC1E-414C-8AE3-0A6C19B52368}.Ad-Hoc|ARM.ActiveCfg = Release|Any CPU
		{67DE678C-AC1E-414C-8AE3-0A6C19B52368}.Ad-Hoc|ARM.Build.0 = Release|Any CPU
		{67DE678C-AC1E-414C-8AE3-0A6C19B52368}.Ad-Hoc|ARM.Deploy.0 = Release|Any CPU
		{67DE678C-AC1E-414C-8AE3-0A6C19B52368}.Ad-Hoc|iPhone.ActiveCfg = Release|Any CPU
		{67DE678C-AC1E-414C-8AE3-0A6C19B52368}.Ad-Hoc|iPhone.Build.0 = Release|Any CPU
		{67DE678C-AC1E-414C-8AE3-0A6C19B52368}.Ad-Hoc|iPhone.Deploy.0 = Release|Any CPU
		{67DE678C-AC1E-414C-8AE3-0A6C19B52368}.Ad-Hoc|iPhoneSimulator.ActiveCfg = Release|Any CPU
		{67DE678C-AC1E-414C-8AE3-0A6C19B52368}.Ad-Hoc|iPhoneSimulator.Build.0 = Release|Any CPU
		{67DE678C-AC1E-414C-8AE3-0A6C19B52368}.Ad-Hoc|iPhoneSimulator.Deploy.0 = Release|Any CPU
		{67DE678C-AC1E-414C-8AE3-0A6C19B52368}.Ad-Hoc|x64.ActiveCfg = Release|Any CPU
		{67DE678C-AC1E-414C-8AE3-0A6C19B52368}.Ad-Hoc|x64.Build.0 = Release|Any CPU
		{67DE678C-AC1E-414C-8AE3-0A6C19B52368}.Ad-Hoc|x64.Deploy.0 = Release|Any CPU
		{67DE678C-AC1E-414C-8AE3-0A6C19B52368}.Ad-Hoc|x86.ActiveCfg = Release|Any CPU
		{67DE678C-AC1E-414C-8AE3-0A6C19B52368}.Ad-Hoc|x86.Build.0 = Release|Any CPU
		{67DE678C-AC1E-414C-8AE3-0A6C19B52368}.Ad-Hoc|x86.Deploy.0 = Release|Any CPU
		{67DE678C-AC1E-414C-8AE3-0A6C19B52368}.AppStore|Any CPU.ActiveCfg = Release|Any CPU
		{67DE678C-AC1E-414C-8AE3-0A6C19B52368}.AppStore|Any CPU.Build.0 = Release|Any CPU
		{67DE678C-AC1E-414C-8AE3-0A6C19B52368}.AppStore|Any CPU.Deploy.0 = Release|Any CPU
		{67DE678C-AC1E-414C-8AE3-0A6C19B52368}.AppStore|ARM.ActiveCfg = Release|Any CPU
		{67DE678C-AC1E-414C-8AE3-0A6C19B52368}.AppStore|ARM.Build.0 = Release|Any CPU
		{67DE678C-AC1E-414C-8AE3-0A6C19B52368}.AppStore|ARM.Deploy.0 = Release|Any CPU
		{67DE678C-AC1E-414C-8AE3-0A6C19B52368}.AppStore|iPhone.ActiveCfg = Release|Any CPU
		{67DE678C-AC1E-414C-8AE3-0A6C19B52368}.AppStore|iPhone.Build.0 = Release|Any CPU
		{67DE678C-AC1E-414C-8AE3-0A6C19B52368}.AppStore|iPhone.Deploy.0 = Release|Any CPU
		{67DE678C-AC1E-414C-8AE3-0A6C19B52368}.AppStore|iPhoneSimulator.ActiveCfg = Release|Any CPU
		{67DE678C-AC1E-414C-8AE3-0A6C19B52368}.AppStore|iPhoneSimulator.Build.0 = Release|Any CPU
		{67DE678C-AC1E-414C-8AE3-0A6C19B52368}.AppStore|iPhoneSimulator.Deploy.0 = Release|Any CPU
		{67DE678C-AC1E-414C-8AE3-0A6C19B52368}.AppStore|x64.ActiveCfg = Release|Any CPU
		{67DE678C-AC1E-414C-8AE3-0A6C19B52368}.AppStore|x64.Build.0 = Release|Any CPU
		{67DE678C-AC1E-414C-8AE3-0A6C19B52368}.AppStore|x64.Deploy.0 = Release|Any CPU
		{67DE678C-AC1E-414C-8AE3-0A6C19B52368}.AppStore|x86.ActiveCfg = Release|Any CPU
		{67DE678C-AC1E-414C-8AE3-0A6C19B52368}.AppStore|x86.Build.0 = Release|Any CPU
		{67DE678C-AC1E-414C-8AE3-0A6C19B52368}.AppStore|x86.Deploy.0 = Release|Any CPU
		{67DE678C-AC1E-414C-8AE3-0A6C19B52368}.Debug|Any CPU.ActiveCfg = Debug|Any CPU
		{67DE678C-AC1E-414C-8AE3-0A6C19B52368}.Debug|Any CPU.Build.0 = Debug|Any CPU
		{67DE678C-AC1E-414C-8AE3-0A6C19B52368}.Debug|Any CPU.Deploy.0 = Debug|Any CPU
		{67DE678C-AC1E-414C-8AE3-0A6C19B52368}.Debug|ARM.ActiveCfg = Debug|Any CPU
		{67DE678C-AC1E-414C-8AE3-0A6C19B52368}.Debug|ARM.Build.0 = Debug|Any CPU
		{67DE678C-AC1E-414C-8AE3-0A6C19B52368}.Debug|ARM.Deploy.0 = Debug|Any CPU
		{67DE678C-AC1E-414C-8AE3-0A6C19B52368}.Debug|iPhone.ActiveCfg = Debug|Any CPU
		{67DE678C-AC1E-414C-8AE3-0A6C19B52368}.Debug|iPhone.Build.0 = Debug|Any CPU
		{67DE678C-AC1E-414C-8AE3-0A6C19B52368}.Debug|iPhone.Deploy.0 = Debug|Any CPU
		{67DE678C-AC1E-414C-8AE3-0A6C19B52368}.Debug|iPhoneSimulator.ActiveCfg = Debug|Any CPU
		{67DE678C-AC1E-414C-8AE3-0A6C19B52368}.Debug|iPhoneSimulator.Build.0 = Debug|Any CPU
		{67DE678C-AC1E-414C-8AE3-0A6C19B52368}.Debug|iPhoneSimulator.Deploy.0 = Debug|Any CPU
		{67DE678C-AC1E-414C-8AE3-0A6C19B52368}.Debug|x64.ActiveCfg = Debug|Any CPU
		{67DE678C-AC1E-414C-8AE3-0A6C19B52368}.Debug|x64.Build.0 = Debug|Any CPU
		{67DE678C-AC1E-414C-8AE3-0A6C19B52368}.Debug|x64.Deploy.0 = Debug|Any CPU
		{67DE678C-AC1E-414C-8AE3-0A6C19B52368}.Debug|x86.ActiveCfg = Debug|Any CPU
		{67DE678C-AC1E-414C-8AE3-0A6C19B52368}.Debug|x86.Build.0 = Debug|Any CPU
		{67DE678C-AC1E-414C-8AE3-0A6C19B52368}.Debug|x86.Deploy.0 = Debug|Any CPU
		{67DE678C-AC1E-414C-8AE3-0A6C19B52368}.Release|Any CPU.ActiveCfg = Release|Any CPU
		{67DE678C-AC1E-414C-8AE3-0A6C19B52368}.Release|Any CPU.Build.0 = Release|Any CPU
		{67DE678C-AC1E-414C-8AE3-0A6C19B52368}.Release|Any CPU.Deploy.0 = Release|Any CPU
		{67DE678C-AC1E-414C-8AE3-0A6C19B52368}.Release|ARM.ActiveCfg = Release|Any CPU
		{67DE678C-AC1E-414C-8AE3-0A6C19B52368}.Release|ARM.Build.0 = Release|Any CPU
		{67DE678C-AC1E-414C-8AE3-0A6C19B52368}.Release|ARM.Deploy.0 = Release|Any CPU
		{67DE678C-AC1E-414C-8AE3-0A6C19B52368}.Release|iPhone.ActiveCfg = Release|Any CPU
		{67DE678C-AC1E-414C-8AE3-0A6C19B52368}.Release|iPhone.Build.0 = Release|Any CPU
		{67DE678C-AC1E-414C-8AE3-0A6C19B52368}.Release|iPhone.Deploy.0 = Release|Any CPU
		{67DE678C-AC1E-414C-8AE3-0A6C19B52368}.Release|iPhoneSimulator.ActiveCfg = Release|Any CPU
		{67DE678C-AC1E-414C-8AE3-0A6C19B52368}.Release|iPhoneSimulator.Build.0 = Release|Any CPU
		{67DE678C-AC1E-414C-8AE3-0A6C19B52368}.Release|iPhoneSimulator.Deploy.0 = Release|Any CPU
		{67DE678C-AC1E-414C-8AE3-0A6C19B52368}.Release|x64.ActiveCfg = Release|Any CPU
		{67DE678C-AC1E-414C-8AE3-0A6C19B52368}.Release|x64.Build.0 = Release|Any CPU
		{67DE678C-AC1E-414C-8AE3-0A6C19B52368}.Release|x64.Deploy.0 = Release|Any CPU
		{67DE678C-AC1E-414C-8AE3-0A6C19B52368}.Release|x86.ActiveCfg = Release|Any CPU
		{67DE678C-AC1E-414C-8AE3-0A6C19B52368}.Release|x86.Build.0 = Release|Any CPU
		{67DE678C-AC1E-414C-8AE3-0A6C19B52368}.Release|x86.Deploy.0 = Release|Any CPU
		{3FC8B8FC-20C4-4032-A4AF-F4AE45A0C089}.Ad-Hoc|Any CPU.ActiveCfg = Release|Any CPU
		{3FC8B8FC-20C4-4032-A4AF-F4AE45A0C089}.Ad-Hoc|Any CPU.Build.0 = Release|Any CPU
		{3FC8B8FC-20C4-4032-A4AF-F4AE45A0C089}.Ad-Hoc|ARM.ActiveCfg = Release|Any CPU
		{3FC8B8FC-20C4-4032-A4AF-F4AE45A0C089}.Ad-Hoc|ARM.Build.0 = Release|Any CPU
		{3FC8B8FC-20C4-4032-A4AF-F4AE45A0C089}.Ad-Hoc|iPhone.ActiveCfg = Release|Any CPU
		{3FC8B8FC-20C4-4032-A4AF-F4AE45A0C089}.Ad-Hoc|iPhone.Build.0 = Release|Any CPU
		{3FC8B8FC-20C4-4032-A4AF-F4AE45A0C089}.Ad-Hoc|iPhoneSimulator.ActiveCfg = Release|Any CPU
		{3FC8B8FC-20C4-4032-A4AF-F4AE45A0C089}.Ad-Hoc|iPhoneSimulator.Build.0 = Release|Any CPU
		{3FC8B8FC-20C4-4032-A4AF-F4AE45A0C089}.Ad-Hoc|x64.ActiveCfg = Release|Any CPU
		{3FC8B8FC-20C4-4032-A4AF-F4AE45A0C089}.Ad-Hoc|x64.Build.0 = Release|Any CPU
		{3FC8B8FC-20C4-4032-A4AF-F4AE45A0C089}.Ad-Hoc|x86.ActiveCfg = Release|Any CPU
		{3FC8B8FC-20C4-4032-A4AF-F4AE45A0C089}.Ad-Hoc|x86.Build.0 = Release|Any CPU
		{3FC8B8FC-20C4-4032-A4AF-F4AE45A0C089}.AppStore|Any CPU.ActiveCfg = Release|Any CPU
		{3FC8B8FC-20C4-4032-A4AF-F4AE45A0C089}.AppStore|Any CPU.Build.0 = Release|Any CPU
		{3FC8B8FC-20C4-4032-A4AF-F4AE45A0C089}.AppStore|ARM.ActiveCfg = Release|Any CPU
		{3FC8B8FC-20C4-4032-A4AF-F4AE45A0C089}.AppStore|ARM.Build.0 = Release|Any CPU
		{3FC8B8FC-20C4-4032-A4AF-F4AE45A0C089}.AppStore|iPhone.ActiveCfg = Release|Any CPU
		{3FC8B8FC-20C4-4032-A4AF-F4AE45A0C089}.AppStore|iPhone.Build.0 = Release|Any CPU
		{3FC8B8FC-20C4-4032-A4AF-F4AE45A0C089}.AppStore|iPhoneSimulator.ActiveCfg = Release|Any CPU
		{3FC8B8FC-20C4-4032-A4AF-F4AE45A0C089}.AppStore|iPhoneSimulator.Build.0 = Release|Any CPU
		{3FC8B8FC-20C4-4032-A4AF-F4AE45A0C089}.AppStore|x64.ActiveCfg = Release|Any CPU
		{3FC8B8FC-20C4-4032-A4AF-F4AE45A0C089}.AppStore|x64.Build.0 = Release|Any CPU
		{3FC8B8FC-20C4-4032-A4AF-F4AE45A0C089}.AppStore|x86.ActiveCfg = Release|Any CPU
		{3FC8B8FC-20C4-4032-A4AF-F4AE45A0C089}.AppStore|x86.Build.0 = Release|Any CPU
		{3FC8B8FC-20C4-4032-A4AF-F4AE45A0C089}.Debug|Any CPU.ActiveCfg = Debug|Any CPU
		{3FC8B8FC-20C4-4032-A4AF-F4AE45A0C089}.Debug|Any CPU.Build.0 = Debug|Any CPU
		{3FC8B8FC-20C4-4032-A4AF-F4AE45A0C089}.Debug|ARM.ActiveCfg = Debug|Any CPU
		{3FC8B8FC-20C4-4032-A4AF-F4AE45A0C089}.Debug|ARM.Build.0 = Debug|Any CPU
		{3FC8B8FC-20C4-4032-A4AF-F4AE45A0C089}.Debug|iPhone.ActiveCfg = Debug|Any CPU
		{3FC8B8FC-20C4-4032-A4AF-F4AE45A0C089}.Debug|iPhone.Build.0 = Debug|Any CPU
		{3FC8B8FC-20C4-4032-A4AF-F4AE45A0C089}.Debug|iPhoneSimulator.ActiveCfg = Debug|Any CPU
		{3FC8B8FC-20C4-4032-A4AF-F4AE45A0C089}.Debug|iPhoneSimulator.Build.0 = Debug|Any CPU
		{3FC8B8FC-20C4-4032-A4AF-F4AE45A0C089}.Debug|x64.ActiveCfg = Debug|Any CPU
		{3FC8B8FC-20C4-4032-A4AF-F4AE45A0C089}.Debug|x64.Build.0 = Debug|Any CPU
		{3FC8B8FC-20C4-4032-A4AF-F4AE45A0C089}.Debug|x86.ActiveCfg = Debug|Any CPU
		{3FC8B8FC-20C4-4032-A4AF-F4AE45A0C089}.Debug|x86.Build.0 = Debug|Any CPU
		{3FC8B8FC-20C4-4032-A4AF-F4AE45A0C089}.Release|Any CPU.ActiveCfg = Release|Any CPU
		{3FC8B8FC-20C4-4032-A4AF-F4AE45A0C089}.Release|Any CPU.Build.0 = Release|Any CPU
		{3FC8B8FC-20C4-4032-A4AF-F4AE45A0C089}.Release|ARM.ActiveCfg = Release|Any CPU
		{3FC8B8FC-20C4-4032-A4AF-F4AE45A0C089}.Release|ARM.Build.0 = Release|Any CPU
		{3FC8B8FC-20C4-4032-A4AF-F4AE45A0C089}.Release|iPhone.ActiveCfg = Release|Any CPU
		{3FC8B8FC-20C4-4032-A4AF-F4AE45A0C089}.Release|iPhone.Build.0 = Release|Any CPU
		{3FC8B8FC-20C4-4032-A4AF-F4AE45A0C089}.Release|iPhoneSimulator.ActiveCfg = Release|Any CPU
		{3FC8B8FC-20C4-4032-A4AF-F4AE45A0C089}.Release|iPhoneSimulator.Build.0 = Release|Any CPU
		{3FC8B8FC-20C4-4032-A4AF-F4AE45A0C089}.Release|x64.ActiveCfg = Release|Any CPU
		{3FC8B8FC-20C4-4032-A4AF-F4AE45A0C089}.Release|x64.Build.0 = Release|Any CPU
		{3FC8B8FC-20C4-4032-A4AF-F4AE45A0C089}.Release|x86.ActiveCfg = Release|Any CPU
		{3FC8B8FC-20C4-4032-A4AF-F4AE45A0C089}.Release|x86.Build.0 = Release|Any CPU
		{42AAB869-D412-46EB-983E-711A2120EBB0}.Ad-Hoc|Any CPU.ActiveCfg = Release|x86
		{42AAB869-D412-46EB-983E-711A2120EBB0}.Ad-Hoc|Any CPU.Build.0 = Release|x86
		{42AAB869-D412-46EB-983E-711A2120EBB0}.Ad-Hoc|Any CPU.Deploy.0 = Release|x86
		{42AAB869-D412-46EB-983E-711A2120EBB0}.Ad-Hoc|ARM.ActiveCfg = Release|ARM
		{42AAB869-D412-46EB-983E-711A2120EBB0}.Ad-Hoc|ARM.Build.0 = Release|ARM
		{42AAB869-D412-46EB-983E-711A2120EBB0}.Ad-Hoc|ARM.Deploy.0 = Release|ARM
		{42AAB869-D412-46EB-983E-711A2120EBB0}.Ad-Hoc|iPhone.ActiveCfg = Release|x86
		{42AAB869-D412-46EB-983E-711A2120EBB0}.Ad-Hoc|iPhone.Build.0 = Release|x86
		{42AAB869-D412-46EB-983E-711A2120EBB0}.Ad-Hoc|iPhone.Deploy.0 = Release|x86
		{42AAB869-D412-46EB-983E-711A2120EBB0}.Ad-Hoc|iPhoneSimulator.ActiveCfg = Release|x86
		{42AAB869-D412-46EB-983E-711A2120EBB0}.Ad-Hoc|iPhoneSimulator.Build.0 = Release|x86
		{42AAB869-D412-46EB-983E-711A2120EBB0}.Ad-Hoc|iPhoneSimulator.Deploy.0 = Release|x86
		{42AAB869-D412-46EB-983E-711A2120EBB0}.Ad-Hoc|x64.ActiveCfg = Release|x64
		{42AAB869-D412-46EB-983E-711A2120EBB0}.Ad-Hoc|x64.Build.0 = Release|x64
		{42AAB869-D412-46EB-983E-711A2120EBB0}.Ad-Hoc|x64.Deploy.0 = Release|x64
		{42AAB869-D412-46EB-983E-711A2120EBB0}.Ad-Hoc|x86.ActiveCfg = Release|x86
		{42AAB869-D412-46EB-983E-711A2120EBB0}.Ad-Hoc|x86.Build.0 = Release|x86
		{42AAB869-D412-46EB-983E-711A2120EBB0}.Ad-Hoc|x86.Deploy.0 = Release|x86
		{42AAB869-D412-46EB-983E-711A2120EBB0}.AppStore|Any CPU.ActiveCfg = Release|x86
		{42AAB869-D412-46EB-983E-711A2120EBB0}.AppStore|Any CPU.Build.0 = Release|x86
		{42AAB869-D412-46EB-983E-711A2120EBB0}.AppStore|Any CPU.Deploy.0 = Release|x86
		{42AAB869-D412-46EB-983E-711A2120EBB0}.AppStore|ARM.ActiveCfg = Release|ARM
		{42AAB869-D412-46EB-983E-711A2120EBB0}.AppStore|ARM.Build.0 = Release|ARM
		{42AAB869-D412-46EB-983E-711A2120EBB0}.AppStore|ARM.Deploy.0 = Release|ARM
		{42AAB869-D412-46EB-983E-711A2120EBB0}.AppStore|iPhone.ActiveCfg = Release|x86
		{42AAB869-D412-46EB-983E-711A2120EBB0}.AppStore|iPhone.Build.0 = Release|x86
		{42AAB869-D412-46EB-983E-711A2120EBB0}.AppStore|iPhone.Deploy.0 = Release|x86
		{42AAB869-D412-46EB-983E-711A2120EBB0}.AppStore|iPhoneSimulator.ActiveCfg = Release|x86
		{42AAB869-D412-46EB-983E-711A2120EBB0}.AppStore|iPhoneSimulator.Build.0 = Release|x86
		{42AAB869-D412-46EB-983E-711A2120EBB0}.AppStore|iPhoneSimulator.Deploy.0 = Release|x86
		{42AAB869-D412-46EB-983E-711A2120EBB0}.AppStore|x64.ActiveCfg = Release|x64
		{42AAB869-D412-46EB-983E-711A2120EBB0}.AppStore|x64.Build.0 = Release|x64
		{42AAB869-D412-46EB-983E-711A2120EBB0}.AppStore|x64.Deploy.0 = Release|x64
		{42AAB869-D412-46EB-983E-711A2120EBB0}.AppStore|x86.ActiveCfg = Release|x86
		{42AAB869-D412-46EB-983E-711A2120EBB0}.AppStore|x86.Build.0 = Release|x86
		{42AAB869-D412-46EB-983E-711A2120EBB0}.AppStore|x86.Deploy.0 = Release|x86
		{42AAB869-D412-46EB-983E-711A2120EBB0}.Debug|Any CPU.ActiveCfg = Debug|x86
		{42AAB869-D412-46EB-983E-711A2120EBB0}.Debug|ARM.ActiveCfg = Debug|ARM
		{42AAB869-D412-46EB-983E-711A2120EBB0}.Debug|ARM.Build.0 = Debug|ARM
		{42AAB869-D412-46EB-983E-711A2120EBB0}.Debug|ARM.Deploy.0 = Debug|ARM
		{42AAB869-D412-46EB-983E-711A2120EBB0}.Debug|iPhone.ActiveCfg = Debug|x86
		{42AAB869-D412-46EB-983E-711A2120EBB0}.Debug|iPhoneSimulator.ActiveCfg = Debug|x86
		{42AAB869-D412-46EB-983E-711A2120EBB0}.Debug|x64.ActiveCfg = Debug|x64
		{42AAB869-D412-46EB-983E-711A2120EBB0}.Debug|x64.Build.0 = Debug|x64
		{42AAB869-D412-46EB-983E-711A2120EBB0}.Debug|x64.Deploy.0 = Debug|x64
		{42AAB869-D412-46EB-983E-711A2120EBB0}.Debug|x86.ActiveCfg = Debug|x86
		{42AAB869-D412-46EB-983E-711A2120EBB0}.Debug|x86.Build.0 = Debug|x86
		{42AAB869-D412-46EB-983E-711A2120EBB0}.Debug|x86.Deploy.0 = Debug|x86
		{42AAB869-D412-46EB-983E-711A2120EBB0}.Release|Any CPU.ActiveCfg = Release|x86
		{42AAB869-D412-46EB-983E-711A2120EBB0}.Release|ARM.ActiveCfg = Release|ARM
		{42AAB869-D412-46EB-983E-711A2120EBB0}.Release|ARM.Build.0 = Release|ARM
		{42AAB869-D412-46EB-983E-711A2120EBB0}.Release|ARM.Deploy.0 = Release|ARM
		{42AAB869-D412-46EB-983E-711A2120EBB0}.Release|iPhone.ActiveCfg = Release|x86
		{42AAB869-D412-46EB-983E-711A2120EBB0}.Release|iPhoneSimulator.ActiveCfg = Release|x86
		{42AAB869-D412-46EB-983E-711A2120EBB0}.Release|x64.ActiveCfg = Release|x64
		{42AAB869-D412-46EB-983E-711A2120EBB0}.Release|x64.Build.0 = Release|x64
		{42AAB869-D412-46EB-983E-711A2120EBB0}.Release|x64.Deploy.0 = Release|x64
		{42AAB869-D412-46EB-983E-711A2120EBB0}.Release|x86.ActiveCfg = Release|x86
		{42AAB869-D412-46EB-983E-711A2120EBB0}.Release|x86.Build.0 = Release|x86
		{42AAB869-D412-46EB-983E-711A2120EBB0}.Release|x86.Deploy.0 = Release|x86
		{2DAB891D-32A8-4E77-8EBB-09C3D94E5944}.Ad-Hoc|Any CPU.ActiveCfg = Ad-Hoc|iPhone
		{2DAB891D-32A8-4E77-8EBB-09C3D94E5944}.Ad-Hoc|ARM.ActiveCfg = Ad-Hoc|iPhone
		{2DAB891D-32A8-4E77-8EBB-09C3D94E5944}.Ad-Hoc|iPhone.ActiveCfg = Ad-Hoc|iPhone
		{2DAB891D-32A8-4E77-8EBB-09C3D94E5944}.Ad-Hoc|iPhone.Build.0 = Ad-Hoc|iPhone
		{2DAB891D-32A8-4E77-8EBB-09C3D94E5944}.Ad-Hoc|iPhoneSimulator.ActiveCfg = Ad-Hoc|iPhoneSimulator
		{2DAB891D-32A8-4E77-8EBB-09C3D94E5944}.Ad-Hoc|iPhoneSimulator.Build.0 = Ad-Hoc|iPhoneSimulator
		{2DAB891D-32A8-4E77-8EBB-09C3D94E5944}.Ad-Hoc|x64.ActiveCfg = Ad-Hoc|iPhone
		{2DAB891D-32A8-4E77-8EBB-09C3D94E5944}.Ad-Hoc|x86.ActiveCfg = Ad-Hoc|iPhone
		{2DAB891D-32A8-4E77-8EBB-09C3D94E5944}.AppStore|Any CPU.ActiveCfg = AppStore|iPhone
		{2DAB891D-32A8-4E77-8EBB-09C3D94E5944}.AppStore|ARM.ActiveCfg = AppStore|iPhone
		{2DAB891D-32A8-4E77-8EBB-09C3D94E5944}.AppStore|iPhone.ActiveCfg = AppStore|iPhone
		{2DAB891D-32A8-4E77-8EBB-09C3D94E5944}.AppStore|iPhone.Build.0 = AppStore|iPhone
		{2DAB891D-32A8-4E77-8EBB-09C3D94E5944}.AppStore|iPhoneSimulator.ActiveCfg = AppStore|iPhoneSimulator
		{2DAB891D-32A8-4E77-8EBB-09C3D94E5944}.AppStore|iPhoneSimulator.Build.0 = AppStore|iPhoneSimulator
		{2DAB891D-32A8-4E77-8EBB-09C3D94E5944}.AppStore|x64.ActiveCfg = AppStore|iPhone
		{2DAB891D-32A8-4E77-8EBB-09C3D94E5944}.AppStore|x86.ActiveCfg = AppStore|iPhone
		{2DAB891D-32A8-4E77-8EBB-09C3D94E5944}.Debug|Any CPU.ActiveCfg = Debug|iPhone
		{2DAB891D-32A8-4E77-8EBB-09C3D94E5944}.Debug|ARM.ActiveCfg = Debug|iPhone
		{2DAB891D-32A8-4E77-8EBB-09C3D94E5944}.Debug|iPhone.ActiveCfg = Debug|iPhone
		{2DAB891D-32A8-4E77-8EBB-09C3D94E5944}.Debug|iPhone.Build.0 = Debug|iPhone
		{2DAB891D-32A8-4E77-8EBB-09C3D94E5944}.Debug|iPhoneSimulator.ActiveCfg = Debug|iPhoneSimulator
		{2DAB891D-32A8-4E77-8EBB-09C3D94E5944}.Debug|iPhoneSimulator.Build.0 = Debug|iPhoneSimulator
		{2DAB891D-32A8-4E77-8EBB-09C3D94E5944}.Debug|x64.ActiveCfg = Debug|iPhone
		{2DAB891D-32A8-4E77-8EBB-09C3D94E5944}.Debug|x86.ActiveCfg = Debug|iPhone
		{2DAB891D-32A8-4E77-8EBB-09C3D94E5944}.Release|Any CPU.ActiveCfg = Release|iPhone
		{2DAB891D-32A8-4E77-8EBB-09C3D94E5944}.Release|ARM.ActiveCfg = Release|iPhone
		{2DAB891D-32A8-4E77-8EBB-09C3D94E5944}.Release|iPhone.ActiveCfg = Release|iPhone
		{2DAB891D-32A8-4E77-8EBB-09C3D94E5944}.Release|iPhone.Build.0 = Release|iPhone
		{2DAB891D-32A8-4E77-8EBB-09C3D94E5944}.Release|iPhoneSimulator.ActiveCfg = Release|iPhoneSimulator
		{2DAB891D-32A8-4E77-8EBB-09C3D94E5944}.Release|iPhoneSimulator.Build.0 = Release|iPhoneSimulator
		{2DAB891D-32A8-4E77-8EBB-09C3D94E5944}.Release|x64.ActiveCfg = Release|iPhone
		{2DAB891D-32A8-4E77-8EBB-09C3D94E5944}.Release|x86.ActiveCfg = Release|iPhone
	EndGlobalSection
	GlobalSection(SolutionProperties) = preSolution
		HideSolutionNode = FALSE
	EndGlobalSection
	GlobalSection(ExtensibilityGlobals) = postSolution
		SolutionGuid = {56840B70-F93A-4A5B-8816-DFF01BBEA1E7}
	EndGlobalSection
EndGlobal
